# THIS IS AN AUTOGENERATED FILE. DO NOT EDIT THIS FILE DIRECTLY.
# yarn lockfile v1


workerpool@^6.0.0:
  version "6.0.0"
  resolved "https://registry.yarnpkg.com/workerpool/-/workerpool-6.0.0.tgz#85aad67fa1a2c8ef9386a1b43539900f61d03d58"
  integrity sha512-fU2OcNA/GVAJLLyKUoHkAgIhKb0JoCpSjLC/G2vYKxUjVmQwGbRVeoPJ1a8U4pnVofz4AQV5Y/NEw8oKqxEBtA==
